{
  "name": "@johnowennixon/okay",
  "version": "2.0.0",
  "lockfileVersion": 3,
  "requires": true,
  "packages": {
    "": {
      "name": "@johnowennixon/okay",
      "version": "2.0.0",
      "license": "0BSD",
      "dependencies": {
        "ansis": "3.1.1"
      },
      "bin": {
        "okay": "okay.js"
      },
      "devDependencies": {},
      "engines": {
        "node": ">=20"
      }
    },
    "node_modules/ansis": {
      "version": "3.1.1",
      "resolved": "https://registry.npmjs.org/ansis/-/ansis-3.1.1.tgz",
      "integrity": "sha512-91DBlFEMcOgzaHhMQP4SaknYUZ3zKfroLfAQT4rHBdJW1lFgDeFQphtkDQ7jOtutDObROmDxQ/6an/j5D1Bprw==",
      "engines": {
        "node": ">=15"
      }
    }
  }
}
