{
  "name": "@johnowennixon/okay",
  "version": "0.0.3",
  "lockfileVersion": 1,
  "requires": true,
  "dependencies": {
    "ansis": {
      "version": "1.5.5",
      "resolved": "https://registry.npmjs.org/ansis/-/ansis-1.5.5.tgz",
      "integrity": "sha512-DNctovTacxs/NfZpGo6bIGWgLd2oZsDO7RJbiYX6Ttj40LPZM1XKv9WtesH13ieOEm1GajjD+Vik2n9YnSTPdA=="
    }
  }
}
