{
  "name": "@johnowennixon/okay",
  "version": "2.0.0",
  "lockfileVersion": 3,
  "requires": true,
  "packages": {
    "": {
      "name": "@johnowennixon/okay",
      "version": "2.0.0",
      "license": "0BSD",
      "dependencies": {
        "ansis": "1.5.6"
      },
      "bin": {
        "okay": "okay.js"
      },
      "devDependencies": {},
      "engines": {
        "node": ">=14"
      }
    },
    "node_modules/ansis": {
      "version": "1.5.6",
      "resolved": "https://registry.npmjs.org/ansis/-/ansis-1.5.6.tgz",
      "integrity": "sha512-vKn0k5V0oiaOClcUMNDFb7DvI3+asAozhg1wI8bLkYxV0lhfPtIuwjUa1wG9/YaUY/KwO9U2B7m0FMqzn/jXUQ==",
      "engines": {
        "node": ">=12.13"
      },
      "funding": {
        "type": "patreon",
        "url": "https://patreon.com/biodiscus"
      }
    }
  }
}
