lockfileVersion: '9.0'

settings:
  autoInstallPeers: true
  excludeLinksFromLockfile: false

importers:

  .:
    dependencies:
      ansis:
        specifier: 4.1.0
        version: 4.1.0
    devDependencies:
      '@biomejs/biome':
        specifier: 2.1.2
        version: 2.1.2

packages:

  '@biomejs/biome@2.1.2':
    resolution: {integrity: sha512-yq8ZZuKuBVDgAS76LWCfFKHSYIAgqkxVB3mGVVpOe2vSkUTs7xG46zXZeNPRNVjiJuw0SZ3+J2rXiYx0RUpfGg==}
    engines: {node: '>=14.21.3'}
    hasBin: true

  '@biomejs/cli-darwin-arm64@2.1.2':
    resolution: {integrity: sha512-leFAks64PEIjc7MY/cLjE8u5OcfBKkcDB0szxsWUB4aDfemBep1WVKt0qrEyqZBOW8LPHzrFMyDl3FhuuA0E7g==}
    engines: {node: '>=14.21.3'}
    cpu: [arm64]
    os: [darwin]

  '@biomejs/cli-darwin-x64@2.1.2':
    resolution: {integrity: sha512-Nmmv7wRX5Nj7lGmz0FjnWdflJg4zii8Ivruas6PBKzw5SJX/q+Zh2RfnO+bBnuKLXpj8kiI2x2X12otpH6a32A==}
    engines: {node: '>=14.21.3'}
    cpu: [x64]
    os: [darwin]

  '@biomejs/cli-linux-arm64-musl@2.1.2':
    resolution: {integrity: sha512-qgHvafhjH7Oca114FdOScmIKf1DlXT1LqbOrrbR30kQDLFPEOpBG0uzx6MhmsrmhGiCFCr2obDamu+czk+X0HQ==}
    engines: {node: '>=14.21.3'}
    cpu: [arm64]
    os: [linux]

  '@biomejs/cli-linux-arm64@2.1.2':
    resolution: {integrity: sha512-NWNy2Diocav61HZiv2enTQykbPP/KrA/baS7JsLSojC7Xxh2nl9IczuvE5UID7+ksRy2e7yH7klm/WkA72G1dw==}
    engines: {node: '>=14.21.3'}
    cpu: [arm64]
    os: [linux]

  '@biomejs/cli-linux-x64-musl@2.1.2':
    resolution: {integrity: sha512-xlB3mU14ZUa3wzLtXfmk2IMOGL+S0aHFhSix/nssWS/2XlD27q+S6f0dlQ8WOCbYoXcuz8BCM7rCn2lxdTrlQA==}
    engines: {node: '>=14.21.3'}
    cpu: [x64]
    os: [linux]

  '@biomejs/cli-linux-x64@2.1.2':
    resolution: {integrity: sha512-Km/UYeVowygTjpX6sGBzlizjakLoMQkxWbruVZSNE6osuSI63i4uCeIL+6q2AJlD3dxoiBJX70dn1enjQnQqwA==}
    engines: {node: '>=14.21.3'}
    cpu: [x64]
    os: [linux]

  '@biomejs/cli-win32-arm64@2.1.2':
    resolution: {integrity: sha512-G8KWZli5ASOXA3yUQgx+M4pZRv3ND16h77UsdunUL17uYpcL/UC7RkWTdkfvMQvogVsAuz5JUcBDjgZHXxlKoA==}
    engines: {node: '>=14.21.3'}
    cpu: [arm64]
    os: [win32]

  '@biomejs/cli-win32-x64@2.1.2':
    resolution: {integrity: sha512-9zajnk59PMpjBkty3bK2IrjUsUHvqe9HWwyAWQBjGLE7MIBjbX2vwv1XPEhmO2RRuGoTkVx3WCanHrjAytICLA==}
    engines: {node: '>=14.21.3'}
    cpu: [x64]
    os: [win32]

  ansis@4.1.0:
    resolution: {integrity: sha512-BGcItUBWSMRgOCe+SVZJ+S7yTRG0eGt9cXAHev72yuGcY23hnLA7Bky5L/xLyPINoSN95geovfBkqoTlNZYa7w==}
    engines: {node: '>=14'}

snapshots:

  '@biomejs/biome@2.1.2':
    optionalDependencies:
      '@biomejs/cli-darwin-arm64': 2.1.2
      '@biomejs/cli-darwin-x64': 2.1.2
      '@biomejs/cli-linux-arm64': 2.1.2
      '@biomejs/cli-linux-arm64-musl': 2.1.2
      '@biomejs/cli-linux-x64': 2.1.2
      '@biomejs/cli-linux-x64-musl': 2.1.2
      '@biomejs/cli-win32-arm64': 2.1.2
      '@biomejs/cli-win32-x64': 2.1.2

  '@biomejs/cli-darwin-arm64@2.1.2':
    optional: true

  '@biomejs/cli-darwin-x64@2.1.2':
    optional: true

  '@biomejs/cli-linux-arm64-musl@2.1.2':
    optional: true

  '@biomejs/cli-linux-arm64@2.1.2':
    optional: true

  '@biomejs/cli-linux-x64-musl@2.1.2':
    optional: true

  '@biomejs/cli-linux-x64@2.1.2':
    optional: true

  '@biomejs/cli-win32-arm64@2.1.2':
    optional: true

  '@biomejs/cli-win32-x64@2.1.2':
    optional: true

  ansis@4.1.0: {}
